// !$*UTF8*$!
{
	archiveVersion = 1;
	classes = {
	};
	objectVersion = 46;
	objects = {

/* Begin PBXBuildFile section */
		937903041D7EB6DB0077B0F6 /* main.m in Sources */ = {isa = PBXBuildFile; fileRef = 937903031D7EB6DB0077B0F6 /* main.m */; };
		937903071D7EB6DB0077B0F6 /* AppDelegate.m in Sources */ = {isa = PBXBuildFile; fileRef = 937903061D7EB6DB0077B0F6 /* AppDelegate.m */; };
		9379030A1D7EB6DB0077B0F6 /* ViewController.m in Sources */ = {isa = PBXBuildFile; fileRef = 937903091D7EB6DB0077B0F6 /* ViewController.m */; };
		9379030D1D7EB6DB0077B0F6 /* Main.storyboard in Resources */ = {isa = PBXBuildFile; fileRef = 9379030B1D7EB6DB0077B0F6 /* Main.storyboard */; };
		9379030F1D7EB6DB0077B0F6 /* Assets.xcassets in Resources */ = {isa = PBXBuildFile; fileRef = 9379030E1D7EB6DB0077B0F6 /* Assets.xcassets */; };
		937903121D7EB6DB0077B0F6 /* LaunchScreen.storyboard in Resources */ = {isa = PBXBuildFile; fileRef = 937903101D7EB6DB0077B0F6 /* LaunchScreen.storyboard */; };
		9379031D1D7EB6DB0077B0F6 /* AddCoinViewTests.m in Sources */ = {isa = PBXBuildFile; fileRef = 9379031C1D7EB6DB0077B0F6 /* AddCoinViewTests.m */; };
		937903281D7EB6DB0077B0F6 /* AddCoinViewUITests.m in Sources */ = {isa = PBXBuildFile; fileRef = 937903271D7EB6DB0077B0F6 /* AddCoinViewUITests.m */; };
		9389EF4C1D814E240035616D /* AddCoinAnimationManager.m in Sources */ = {isa = PBXBuildFile; fileRef = 9389EF431D814E240035616D /* AddCoinAnimationManager.m */; };
		9389EF4D1D814E240035616D /* AddCoinAnimationParameter.m in Sources */ = {isa = PBXBuildFile; fileRef = 9389EF451D814E240035616D /* AddCoinAnimationParameter.m */; };
		9389EF4E1D814E240035616D /* AddCoinAnimationView.m in Sources */ = {isa = PBXBuildFile; fileRef = 9389EF471D814E240035616D /* AddCoinAnimationView.m */; };
		9389EF4F1D814E240035616D /* CoinAnimationItemView.m in Sources */ = {isa = PBXBuildFile; fileRef = 9389EF491D814E240035616D /* CoinAnimationItemView.m */; };
		9389EF501D814E240035616D /* CoinsAmimationController.m in Sources */ = {isa = PBXBuildFile; fileRef = 9389EF4B1D814E240035616D /* CoinsAmimationController.m */; };
/* End PBXBuildFile section */

/* Begin PBXContainerItemProxy section */
		937903191D7EB6DB0077B0F6 /* PBXContainerItemProxy */ = {
			isa = PBXContainerItemProxy;
			containerPortal = 937902F71D7EB6DB0077B0F6 /* Project object */;
			proxyType = 1;
			remoteGlobalIDString = 937902FE1D7EB6DB0077B0F6;
			remoteInfo = AddCoinView;
		};
		937903241D7EB6DB0077B0F6 /* PBXContainerItemProxy */ = {
			isa = PBXContainerItemProxy;
			containerPortal = 937902F71D7EB6DB0077B0F6 /* Project object */;
			proxyType = 1;
			remoteGlobalIDString = 937902FE1D7EB6DB0077B0F6;
			remoteInfo = AddCoinView;
		};
/* End PBXContainerItemProxy section */

/* Begin PBXFileReference section */
		937902FF1D7EB6DB0077B0F6 /* AddCoinView.app */ = {isa = PBXFileReference; explicitFileType = wrapper.application; includeInIndex = 0; path = AddCoinView.app; sourceTree = BUILT_PRODUCTS_DIR; };
		937903031D7EB6DB0077B0F6 /* main.m */ = {isa = PBXFileReference; lastKnownFileType = sourcecode.c.objc; path = main.m; sourceTree = "<group>"; };
		937903051D7EB6DB0077B0F6 /* AppDelegate.h */ = {isa = PBXFileReference; lastKnownFileType = sourcecode.c.h; path = AppDelegate.h; sourceTree = "<group>"; };
		937903061D7EB6DB0077B0F6 /* AppDelegate.m */ = {isa = PBXFileReference; lastKnownFileType = sourcecode.c.objc; path = AppDelegate.m; sourceTree = "<group>"; };
		937903081D7EB6DB0077B0F6 /* ViewController.h */ = {isa = PBXFileReference; lastKnownFileType = sourcecode.c.h; path = ViewController.h; sourceTree = "<group>"; };
		937903091D7EB6DB0077B0F6 /* ViewController.m */ = {isa = PBXFileReference; lastKnownFileType = sourcecode.c.objc; path = ViewController.m; sourceTree = "<group>"; };
		9379030C1D7EB6DB0077B0F6 /* Base */ = {isa = PBXFileReference; lastKnownFileType = file.storyboard; name = Base; path = Base.lproj/Main.storyboard; sourceTree = "<group>"; };
		9379030E1D7EB6DB0077B0F6 /* Assets.xcassets */ = {isa = PBXFileReference; lastKnownFileType = folder.assetcatalog; path = Assets.xcassets; sourceTree = "<group>"; };
		937903111D7EB6DB0077B0F6 /* Base */ = {isa = PBXFileReference; lastKnownFileType = file.storyboard; name = Base; path = Base.lproj/LaunchScreen.storyboard; sourceTree = "<group>"; };
		937903131D7EB6DB0077B0F6 /* Info.plist */ = {isa = PBXFileReference; lastKnownFileType = text.plist.xml; path = Info.plist; sourceTree = "<group>"; };
		937903181D7EB6DB0077B0F6 /* AddCoinViewTests.xctest */ = {isa = PBXFileReference; explicitFileType = wrapper.cfbundle; includeInIndex = 0; path = AddCoinViewTests.xctest; sourceTree = BUILT_PRODUCTS_DIR; };
		9379031C1D7EB6DB0077B0F6 /* AddCoinViewTests.m */ = {isa = PBXFileReference; lastKnownFileType = sourcecode.c.objc; path = AddCoinViewTests.m; sourceTree = "<group>"; };
		9379031E1D7EB6DB0077B0F6 /* Info.plist */ = {isa = PBXFileReference; lastKnownFileType = text.plist.xml; path = Info.plist; sourceTree = "<group>"; };
		937903231D7EB6DB0077B0F6 /* AddCoinViewUITests.xctest */ = {isa = PBXFileReference; explicitFileType = wrapper.cfbundle; includeInIndex = 0; path = AddCoinViewUITests.xctest; sourceTree = BUILT_PRODUCTS_DIR; };
		937903271D7EB6DB0077B0F6 /* AddCoinViewUITests.m */ = {isa = PBXFileReference; lastKnownFileType = sourcecode.c.objc; path = AddCoinViewUITests.m; sourceTree = "<group>"; };
		937903291D7EB6DB0077B0F6 /* Info.plist */ = {isa = PBXFileReference; lastKnownFileType = text.plist.xml; path = Info.plist; sourceTree = "<group>"; };
		9389EF421D814E240035616D /* AddCoinAnimationManager.h */ = {isa = PBXFileReference; fileEncoding = 4; lastKnownFileType = sourcecode.c.h; path = AddCoinAnimationManager.h; sourceTree = "<group>"; };
		9389EF431D814E240035616D /* AddCoinAnimationManager.m */ = {isa = PBXFileReference; fileEncoding = 4; lastKnownFileType = sourcecode.c.objc; path = AddCoinAnimationManager.m; sourceTree = "<group>"; };
		9389EF441D814E240035616D /* AddCoinAnimationParameter.h */ = {isa = PBXFileReference; fileEncoding = 4; lastKnownFileType = sourcecode.c.h; path = AddCoinAnimationParameter.h; sourceTree = "<group>"; };
		9389EF451D814E240035616D /* AddCoinAnimationParameter.m */ = {isa = PBXFileReference; fileEncoding = 4; lastKnownFileType = sourcecode.c.objc; path = AddCoinAnimationParameter.m; sourceTree = "<group>"; };
		9389EF461D814E240035616D /* AddCoinAnimationView.h */ = {isa = PBXFileReference; fileEncoding = 4; lastKnownFileType = sourcecode.c.h; path = AddCoinAnimationView.h; sourceTree = "<group>"; };
		9389EF471D814E240035616D /* AddCoinAnimationView.m */ = {isa = PBXFileReference; fileEncoding = 4; lastKnownFileType = sourcecode.c.objc; path = AddCoinAnimationView.m; sourceTree = "<group>"; };
		9389EF481D814E240035616D /* CoinAnimationItemView.h */ = {isa = PBXFileReference; fileEncoding = 4; lastKnownFileType = sourcecode.c.h; path = CoinAnimationItemView.h; sourceTree = "<group>"; };
		9389EF491D814E240035616D /* CoinAnimationItemView.m */ = {isa = PBXFileReference; fileEncoding = 4; lastKnownFileType = sourcecode.c.objc; path = CoinAnimationItemView.m; sourceTree = "<group>"; };
		9389EF4A1D814E240035616D /* CoinsAmimationController.h */ = {isa = PBXFileReference; fileEncoding = 4; lastKnownFileType = sourcecode.c.h; path = CoinsAmimationController.h; sourceTree = "<group>"; };
		9389EF4B1D814E240035616D /* CoinsAmimationController.m */ = {isa = PBXFileReference; fileEncoding = 4; lastKnownFileType = sourcecode.c.objc; path = CoinsAmimationController.m; sourceTree = "<group>"; };
/* End PBXFileReference section */

/* Begin PBXFrameworksBuildPhase section */
		937902FC1D7EB6DB0077B0F6 /* Frameworks */ = {
			isa = PBXFrameworksBuildPhase;
			buildActionMask = 2147483647;
			files = (
			);
			runOnlyForDeploymentPostprocessing = 0;
		};
		937903151D7EB6DB0077B0F6 /* Frameworks */ = {
			isa = PBXFrameworksBuildPhase;
			buildActionMask = 2147483647;
			files = (
			);
			runOnlyForDeploymentPostprocessing = 0;
		};
		937903201D7EB6DB0077B0F6 /* Frameworks */ = {
			isa = PBXFrameworksBuildPhase;
			buildActionMask = 2147483647;
			files = (
			);
			runOnlyForDeploymentPostprocessing = 0;
		};
/* End PBXFrameworksBuildPhase section */

/* Begin PBXGroup section */
		937902F61D7EB6DB0077B0F6 = {
			isa = PBXGroup;
			children = (
				937903011D7EB6DB0077B0F6 /* AddCoinView */,
				9379031B1D7EB6DB0077B0F6 /* AddCoinViewTests */,
				937903261D7EB6DB0077B0F6 /* AddCoinViewUITests */,
				937903001D7EB6DB0077B0F6 /* Products */,
			);
			sourceTree = "<group>";
		};
		937903001D7EB6DB0077B0F6 /* Products */ = {
			isa = PBXGroup;
			children = (
				937902FF1D7EB6DB0077B0F6 /* AddCoinView.app */,
				937903181D7EB6DB0077B0F6 /* AddCoinViewTests.xctest */,
				937903231D7EB6DB0077B0F6 /* AddCoinViewUITests.xctest */,
			);
			name = Products;
			sourceTree = "<group>";
		};
		937903011D7EB6DB0077B0F6 /* AddCoinView */ = {
			isa = PBXGroup;
			children = (
				937903051D7EB6DB0077B0F6 /* AppDelegate.h */,
				937903061D7EB6DB0077B0F6 /* AppDelegate.m */,
				937903081D7EB6DB0077B0F6 /* ViewController.h */,
				937903091D7EB6DB0077B0F6 /* ViewController.m */,
				9389EF411D814DDB0035616D /* AddCoinView */,
				9379030B1D7EB6DB0077B0F6 /* Main.storyboard */,
				9379030E1D7EB6DB0077B0F6 /* Assets.xcassets */,
				937903101D7EB6DB0077B0F6 /* LaunchScreen.storyboard */,
				937903131D7EB6DB0077B0F6 /* Info.plist */,
				937903021D7EB6DB0077B0F6 /* Supporting Files */,
			);
			path = AddCoinView;
			sourceTree = "<group>";
		};
		937903021D7EB6DB0077B0F6 /* Supporting Files */ = {
			isa = PBXGroup;
			children = (
				937903031D7EB6DB0077B0F6 /* main.m */,
			);
			name = "Supporting Files";
			sourceTree = "<group>";
		};
		9379031B1D7EB6DB0077B0F6 /* AddCoinViewTests */ = {
			isa = PBXGroup;
			children = (
				9379031C1D7EB6DB0077B0F6 /* AddCoinViewTests.m */,
				9379031E1D7EB6DB0077B0F6 /* Info.plist */,
			);
			path = AddCoinViewTests;
			sourceTree = "<group>";
		};
		937903261D7EB6DB0077B0F6 /* AddCoinViewUITests */ = {
			isa = PBXGroup;
			children = (
				937903271D7EB6DB0077B0F6 /* AddCoinViewUITests.m */,
				937903291D7EB6DB0077B0F6 /* Info.plist */,
			);
			path = AddCoinViewUITests;
			sourceTree = "<group>";
		};
		9389EF411D814DDB0035616D /* AddCoinView */ = {
			isa = PBXGroup;
			children = (
				9389EF421D814E240035616D /* AddCoinAnimationManager.h */,
				9389EF431D814E240035616D /* AddCoinAnimationManager.m */,
				9389EF441D814E240035616D /* AddCoinAnimationParameter.h */,
				9389EF451D814E240035616D /* AddCoinAnimationParameter.m */,
				9389EF461D814E240035616D /* AddCoinAnimationView.h */,
				9389EF471D814E240035616D /* AddCoinAnimationView.m */,
				9389EF481D814E240035616D /* CoinAnimationItemView.h */,
				9389EF491D814E240035616D /* CoinAnimationItemView.m */,
				9389EF4A1D814E240035616D /* CoinsAmimationController.h */,
				9389EF4B1D814E240035616D /* CoinsAmimationController.m */,
			);
			path = AddCoinView;
			sourceTree = "<group>";
		};
/* End PBXGroup section */

/* Begin PBXNativeTarget section */
		937902FE1D7EB6DB0077B0F6 /* AddCoinView */ = {
			isa = PBXNativeTarget;
			buildConfigurationList = 9379032C1D7EB6DB0077B0F6 /* Build configuration list for PBXNativeTarget "AddCoinView" */;
			buildPhases = (
				937902FB1D7EB6DB0077B0F6 /* Sources */,
				937902FC1D7EB6DB0077B0F6 /* Frameworks */,
				937902FD1D7EB6DB0077B0F6 /* Resources */,
			);
			buildRules = (
			);
			dependencies = (
			);
			name = AddCoinView;
			productName = AddCoinView;
			productReference = 937902FF1D7EB6DB0077B0F6 /* AddCoinView.app */;
			productType = "com.apple.product-type.application";
		};
		937903171D7EB6DB0077B0F6 /* AddCoinViewTests */ = {
			isa = PBXNativeTarget;
			buildConfigurationList = 9379032F1D7EB6DB0077B0F6 /* Build configuration list for PBXNativeTarget "AddCoinViewTests" */;
			buildPhases = (
				937903141D7EB6DB0077B0F6 /* Sources */,
				937903151D7EB6DB0077B0F6 /* Frameworks */,
				937903161D7EB6DB0077B0F6 /* Resources */,
			);
			buildRules = (
			);
			dependencies = (
				9379031A1D7EB6DB0077B0F6 /* PBXTargetDependency */,
			);
			name = AddCoinViewTests;
			productName = AddCoinViewTests;
			productReference = 937903181D7EB6DB0077B0F6 /* AddCoinViewTests.xctest */;
			productType = "com.apple.product-type.bundle.unit-test";
		};
		937903221D7EB6DB0077B0F6 /* AddCoinViewUITests */ = {
			isa = PBXNativeTarget;
			buildConfigurationList = 937903321D7EB6DB0077B0F6 /* Build configuration list for PBXNativeTarget "AddCoinViewUITests" */;
			buildPhases = (
				9379031F1D7EB6DB0077B0F6 /* Sources */,
				937903201D7EB6DB0077B0F6 /* Frameworks */,
				937903211D7EB6DB0077B0F6 /* Resources */,
			);
			buildRules = (
			);
			dependencies = (
				937903251D7EB6DB0077B0F6 /* PBXTargetDependency */,
			);
			name = AddCoinViewUITests;
			productName = AddCoinViewUITests;
			productReference = 937903231D7EB6DB0077B0F6 /* AddCoinViewUITests.xctest */;
			productType = "com.apple.product-type.bundle.ui-testing";
		};
/* End PBXNativeTarget section */

/* Begin PBXProject section */
		937902F71D7EB6DB0077B0F6 /* Project object */ = {
			isa = PBXProject;
			attributes = {
				LastUpgradeCheck = 0730;
				ORGANIZATIONNAME = "wyan assert";
				TargetAttributes = {
					937902FE1D7EB6DB0077B0F6 = {
						CreatedOnToolsVersion = 7.3.1;
					};
					937903171D7EB6DB0077B0F6 = {
						CreatedOnToolsVersion = 7.3.1;
						TestTargetID = 937902FE1D7EB6DB0077B0F6;
					};
					937903221D7EB6DB0077B0F6 = {
						CreatedOnToolsVersion = 7.3.1;
						TestTargetID = 937902FE1D7EB6DB0077B0F6;
					};
				};
			};
			buildConfigurationList = 937902FA1D7EB6DB0077B0F6 /* Build configuration list for PBXProject "AddCoinView" */;
			compatibilityVersion = "Xcode 3.2";
			developmentRegion = English;
			hasScannedForEncodings = 0;
			knownRegions = (
				en,
				Base,
			);
			mainGroup = 937902F61D7EB6DB0077B0F6;
			productRefGroup = 937903001D7EB6DB0077B0F6 /* Products */;
			projectDirPath = "";
			projectRoot = "";
			targets = (
				937902FE1D7EB6DB0077B0F6 /* AddCoinView */,
				937903171D7EB6DB0077B0F6 /* AddCoinViewTests */,
				937903221D7EB6DB0077B0F6 /* AddCoinViewUITests */,
			);
		};
/* End PBXProject section */

/* Begin PBXResourcesBuildPhase section */
		937902FD1D7EB6DB0077B0F6 /* Resources */ = {
			isa = PBXResourcesBuildPhase;
			buildActionMask = 2147483647;
			files = (
				937903121D7EB6DB0077B0F6 /* LaunchScreen.storyboard in Resources */,
				9379030F1D7EB6DB0077B0F6 /* Assets.xcassets in Resources */,
				9379030D1D7EB6DB0077B0F6 /* Main.storyboard in Resources */,
			);
			runOnlyForDeploymentPostprocessing = 0;
		};
		937903161D7EB6DB0077B0F6 /* Resources */ = {
			isa = PBXResourcesBuildPhase;
			buildActionMask = 2147483647;
			files = (
			);
			runOnlyForDeploymentPostprocessing = 0;
		};
		937903211D7EB6DB0077B0F6 /* Resources */ = {
			isa = PBXResourcesBuildPhase;
			buildActionMask = 2147483647;
			files = (
			);
			runOnlyForDeploymentPostprocessing = 0;
		};
/* End PBXResourcesBuildPhase section */

/* Begin PBXSourcesBuildPhase section */
		937902FB1D7EB6DB0077B0F6 /* Sources */ = {
			isa = PBXSourcesBuildPhase;
			buildActionMask = 2147483647;
			files = (
				9379030A1D7EB6DB0077B0F6 /* ViewController.m in Sources */,
				9389EF4F1D814E240035616D /* CoinAnimationItemView.m in Sources */,
				9389EF4C1D814E240035616D /* AddCoinAnimationManager.m in Sources */,
				9389EF4D1D814E240035616D /* AddCoinAnimationParameter.m in Sources */,
				9389EF4E1D814E240035616D /* AddCoinAnimationView.m in Sources */,
				9389EF501D814E240035616D /* CoinsAmimationController.m in Sources */,
				937903071D7EB6DB0077B0F6 /* AppDelegate.m in Sources */,
				937903041D7EB6DB0077B0F6 /* main.m in Sources */,
			);
			runOnlyForDeploymentPostprocessing = 0;
		};
		937903141D7EB6DB0077B0F6 /* Sources */ = {
			isa = PBXSourcesBuildPhase;
			buildActionMask = 2147483647;
			files = (
				9379031D1D7EB6DB0077B0F6 /* AddCoinViewTests.m in Sources */,
			);
			runOnlyForDeploymentPostprocessing = 0;
		};
		9379031F1D7EB6DB0077B0F6 /* Sources */ = {
			isa = PBXSourcesBuildPhase;
			buildActionMask = 2147483647;
			files = (
				937903281D7EB6DB0077B0F6 /* AddCoinViewUITests.m in Sources */,
			);
			runOnlyForDeploymentPostprocessing = 0;
		};
/* End PBXSourcesBuildPhase section */

/* Begin PBXTargetDependency section */
		9379031A1D7EB6DB0077B0F6 /* PBXTargetDependency */ = {
			isa = PBXTargetDependency;
			target = 937902FE1D7EB6DB0077B0F6 /* AddCoinView */;
			targetProxy = 937903191D7EB6DB0077B0F6 /* PBXContainerItemProxy */;
		};
		937903251D7EB6DB0077B0F6 /* PBXTargetDependency */ = {
			isa = PBXTargetDependency;
			target = 937902FE1D7EB6DB0077B0F6 /* AddCoinView */;
			targetProxy = 937903241D7EB6DB0077B0F6 /* PBXContainerItemProxy */;
		};
/* End PBXTargetDependency section */

/* Begin PBXVariantGroup section */
		9379030B1D7EB6DB0077B0F6 /* Main.storyboard */ = {
			isa = PBXVariantGroup;
			children = (
				9379030C1D7EB6DB0077B0F6 /* Base */,
			);
			name = Main.storyboard;
			sourceTree = "<group>";
		};
		937903101D7EB6DB0077B0F6 /* LaunchScreen.storyboard */ = {
			isa = PBXVariantGroup;
			children = (
				937903111D7EB6DB0077B0F6 /* Base */,
			);
			name = LaunchScreen.storyboard;
			sourceTree = "<group>";
		};
/* End PBXVariantGroup section */

/* Begin XCBuildConfiguration section */
		9379032A1D7EB6DB0077B0F6 /* Debug */ = {
			isa = XCBuildConfiguration;
			buildSettings = {
				ALWAYS_SEARCH_USER_PATHS = NO;
				CLANG_ANALYZER_NONNULL = YES;
				CLANG_CXX_LANGUAGE_STANDARD = "gnu++0x";
				CLANG_CXX_LIBRARY = "libc++";
				CLANG_ENABLE_MODULES = YES;
				CLANG_ENABLE_OBJC_ARC = YES;
				CLANG_WARN_BOOL_CONVERSION = YES;
				CLANG_WARN_CONSTANT_CONVERSION = YES;
				CLANG_WARN_DIRECT_OBJC_ISA_USAGE = YES_ERROR;
				CLANG_WARN_EMPTY_BODY = YES;
				CLANG_WARN_ENUM_CONVERSION = YES;
				CLANG_WARN_INT_CONVERSION = YES;
				CLANG_WARN_OBJC_ROOT_CLASS = YES_ERROR;
				CLANG_WARN_UNREACHABLE_CODE = YES;
				CLANG_WARN__DUPLICATE_METHOD_MATCH = YES;
				"CODE_SIGN_IDENTITY[sdk=iphoneos*]" = "iPhone Developer";
				COPY_PHASE_STRIP = NO;
				DEBUG_INFORMATION_FORMAT = dwarf;
				ENABLE_STRICT_OBJC_MSGSEND = YES;
				ENABLE_TESTABILITY = YES;
				GCC_C_LANGUAGE_STANDARD = gnu99;
				GCC_DYNAMIC_NO_PIC = NO;
				GCC_NO_COMMON_BLOCKS = YES;
				GCC_OPTIMIZATION_LEVEL = 0;
				GCC_PREPROCESSOR_DEFINITIONS = (
					"DEBUG=1",
					"$(inherited)",
				);
				GCC_WARN_64_TO_32_BIT_CONVERSION = YES;
				GCC_WARN_ABOUT_RETURN_TYPE = YES_ERROR;
				GCC_WARN_UNDECLARED_SELECTOR = YES;
				GCC_WARN_UNINITIALIZED_AUTOS = YES_AGGRESSIVE;
				GCC_WARN_UNUSED_FUNCTION = YES;
				GCC_WARN_UNUSED_VARIABLE = YES;
				IPHONEOS_DEPLOYMENT_TARGET = 9.3;
				MTL_ENABLE_DEBUG_INFO = YES;
				ONLY_ACTIVE_ARCH = YES;
				SDKROOT = iphoneos;
				TARGETED_DEVICE_FAMILY = "1,2";
			};
			name = Debug;
		};
		9379032B1D7EB6DB0077B0F6 /* Release */ = {
			isa = XCBuildConfiguration;
			buildSettings = {
				ALWAYS_SEARCH_USER_PATHS = NO;
				CLANG_ANALYZER_NONNULL = YES;
				CLANG_CXX_LANGUAGE_STANDARD = "gnu++0x";
				CLANG_CXX_LIBRARY = "libc++";
				CLANG_ENABLE_MODULES = YES;
				CLANG_ENABLE_OBJC_ARC = YES;
				CLANG_WARN_BOOL_CONVERSION = YES;
				CLANG_WARN_CONSTANT_CONVERSION = YES;
				CLANG_WARN_DIRECT_OBJC_ISA_USAGE = YES_ERROR;
				CLANG_WARN_EMPTY_BODY = YES;
				CLANG_WARN_ENUM_CONVERSION = YES;
				CLANG_WARN_INT_CONVERSION = YES;
				CLANG_WARN_OBJC_ROOT_CLASS = YES_ERROR;
				CLANG_WARN_UNREACHABLE_CODE = YES;
				CLANG_WARN__DUPLICATE_METHOD_MATCH = YES;
				"CODE_SIGN_IDENTITY[sdk=iphoneos*]" = "iPhone Developer";
				COPY_PHASE_STRIP = NO;
				DEBUG_INFORMATION_FORMAT = "dwarf-with-dsym";
				ENABLE_NS_ASSERTIONS = NO;
				ENABLE_STRICT_OBJC_MSGSEND = YES;
				GCC_C_LANGUAGE_STANDARD = gnu99;
				GCC_NO_COMMON_BLOCKS = YES;
				GCC_WARN_64_TO_32_BIT_CONVERSION = YES;
				GCC_WARN_ABOUT_RETURN_TYPE = YES_ERROR;
				GCC_WARN_UNDECLARED_SELECTOR = YES;
				GCC_WARN_UNINITIALIZED_AUTOS = YES_AGGRESSIVE;
				GCC_WARN_UNUSED_FUNCTION = YES;
				GCC_WARN_UNUSED_VARIABLE = YES;
				IPHONEOS_DEPLOYMENT_TARGET = 9.3;
				MTL_ENABLE_DEBUG_INFO = NO;
				SDKROOT = iphoneos;
				TARGETED_DEVICE_FAMILY = "1,2";
				VALIDATE_PRODUCT = YES;
			};
			name = Release;
		};
		9379032D1D7EB6DB0077B0F6 /* Debug */ = {
			isa = XCBuildConfiguration;
			buildSettings = {
				ASSETCATALOG_COMPILER_APPICON_NAME = AppIcon;
				INFOPLIST_FILE = AddCoinView/Info.plist;
				LD_RUNPATH_SEARCH_PATHS = "$(inherited) @executable_path/Frameworks";
				PRODUCT_BUNDLE_IDENTIFIER = acxa.AddCoinView;
				PRODUCT_NAME = "$(TARGET_NAME)";
			};
			name = Debug;
		};
		9379032E1D7EB6DB0077B0F6 /* Release */ = {
			isa = XCBuildConfiguration;
			buildSettings = {
				ASSETCATALOG_COMPILER_APPICON_NAME = AppIcon;
				INFOPLIST_FILE = AddCoinView/Info.plist;
				LD_RUNPATH_SEARCH_PATHS = "$(inherited) @executable_path/Frameworks";
				PRODUCT_BUNDLE_IDENTIFIER = acxa.AddCoinView;
				PRODUCT_NAME = "$(TARGET_NAME)";
			};
			name = Release;
		};
		937903301D7EB6DB0077B0F6 /* Debug */ = {
			isa = XCBuildConfiguration;
			buildSettings = {
				BUNDLE_LOADER = "$(TEST_HOST)";
				INFOPLIST_FILE = AddCoinViewTests/Info.plist;
				LD_RUNPATH_SEARCH_PATHS = "$(inherited) @executable_path/Frameworks @loader_path/Frameworks";
				PRODUCT_BUNDLE_IDENTIFIER = acxa.AddCoinViewTests;
				PRODUCT_NAME = "$(TARGET_NAME)";
				TEST_HOST = "$(BUILT_PRODUCTS_DIR)/AddCoinView.app/AddCoinView";
			};
			name = Debug;
		};
		937903311D7EB6DB0077B0F6 /* Release */ = {
			isa = XCBuildConfiguration;
			buildSettings = {
				BUNDLE_LOADER = "$(TEST_HOST)";
				INFOPLIST_FILE = AddCoinViewTests/Info.plist;
				LD_RUNPATH_SEARCH_PATHS = "$(inherited) @executable_path/Frameworks @loader_path/Frameworks";
				PRODUCT_BUNDLE_IDENTIFIER = acxa.AddCoinViewTests;
				PRODUCT_NAME = "$(TARGET_NAME)";
				TEST_HOST = "$(BUILT_PRODUCTS_DIR)/AddCoinView.app/AddCoinView";
			};
			name = Release;
		};
		937903331D7EB6DB0077B0F6 /* Debug */ = {
			isa = XCBuildConfiguration;
			buildSettings = {
				INFOPLIST_FILE = AddCoinViewUITests/Info.plist;
				LD_RUNPATH_SEARCH_PATHS = "$(inherited) @executable_path/Frameworks @loader_path/Frameworks";
				PRODUCT_BUNDLE_IDENTIFIER = acxa.AddCoinViewUITests;
				PRODUCT_NAME = "$(TARGET_NAME)";
				TEST_TARGET_NAME = AddCoinView;
			};
			name = Debug;
		};
		937903341D7EB6DB0077B0F6 /* Release */ = {
			isa = XCBuildConfiguration;
			buildSettings = {
				INFOPLIST_FILE = AddCoinViewUITests/Info.plist;
				LD_RUNPATH_SEARCH_PATHS = "$(inherited) @executable_path/Frameworks @loader_path/Frameworks";
				PRODUCT_BUNDLE_IDENTIFIER = acxa.AddCoinViewUITests;
				PRODUCT_NAME = "$(TARGET_NAME)";
				TEST_TARGET_NAME = AddCoinView;
			};
			name = Release;
		};
/* End XCBuildConfiguration section */

/* Begin XCConfigurationList section */
		937902FA1D7EB6DB0077B0F6 /* Build configuration list for PBXProject "AddCoinView" */ = {
			isa = XCConfigurationList;
			buildConfigurations = (
				9379032A1D7EB6DB0077B0F6 /* Debug */,
				9379032B1D7EB6DB0077B0F6 /* Release */,
			);
			defaultConfigurationIsVisible = 0;
			defaultConfigurationName = Release;
		};
		9379032C1D7EB6DB0077B0F6 /* Build configuration list for PBXNativeTarget "AddCoinView" */ = {
			isa = XCConfigurationList;
			buildConfigurations = (
				9379032D1D7EB6DB0077B0F6 /* Debug */,
				9379032E1D7EB6DB0077B0F6 /* Release */,
			);
			defaultConfigurationIsVisible = 0;
			defaultConfigurationName = Release;
		};
		9379032F1D7EB6DB0077B0F6 /* Build configuration list for PBXNativeTarget "AddCoinViewTests" */ = {
			isa = XCConfigurationList;
			buildConfigurations = (
				937903301D7EB6DB0077B0F6 /* Debug */,
				937903311D7EB6DB0077B0F6 /* Release */,
			);
			defaultConfigurationIsVisible = 0;
			defaultConfigurationName = Release;
		};
		937903321D7EB6DB0077B0F6 /* Build configuration list for PBXNativeTarget "AddCoinViewUITests" */ = {
			isa = XCConfigurationList;
			buildConfigurations = (
				937903331D7EB6DB0077B0F6 /* Debug */,
				937903341D7EB6DB0077B0F6 /* Release */,
			);
			defaultConfigurationIsVisible = 0;
			defaultConfigurationName = Release;
		};
/* End XCConfigurationList section */
	};
	rootObject = 937902F71D7EB6DB0077B0F6 /* Project object */;
}
